// !$*UTF8*$!
{
	archiveVersion = 1;
	classes = {
	};
	objectVersion = 60;
	objects = {

/* Begin PBXBuildFile section */
		10A000000000000000000001 /* PodsApp.swift in Sources */ = {isa = PBXBuildFile; fileRef = 10A000000000000000000011 /* PodsApp.swift */; };
		10A000000000000000000002 /* PodsWebView.swift in Sources */ = {isa = PBXBuildFile; fileRef = 10A000000000000000000012 /* PodsWebView.swift */; };
		10A000000000000000000003 /* AudioBridge.swift in Sources */ = {isa = PBXBuildFile; fileRef = 10A000000000000000000013 /* AudioBridge.swift */; };
		10A000000000000000000004 /* DatabaseBootstrap.swift in Sources */ = {isa = PBXBuildFile; fileRef = 10A000000000000000000014 /* DatabaseBootstrap.swift */; };
		10A000000000000000000005 /* Web in Resources */ = {isa = PBXBuildFile; fileRef = 10A000000000000000000016 /* Web */; };
		10A000000000000000000006 /* SeedData in Resources */ = {isa = PBXBuildFile; fileRef = 10A000000000000000000017 /* SeedData */; };
		10A000000000000000000007 /* libsqlite3.tbd in Frameworks */ = {isa = PBXBuildFile; fileRef = 10A000000000000000000019 /* libsqlite3.tbd */; };
		10A000000000000000000008 /* PodsAPIModels.swift in Sources */ = {isa = PBXBuildFile; fileRef = 10A000000000000000000021 /* PodsAPIModels.swift */; };
		10A000000000000000000009 /* PodsSQLite.swift in Sources */ = {isa = PBXBuildFile; fileRef = 10A000000000000000000022 /* PodsSQLite.swift */; };
		10A00000000000000000001A /* Assets.xcassets in Resources */ = {isa = PBXBuildFile; fileRef = 10A000000000000000000018 /* Assets.xcassets */; };
		10A00000000000000000000A /* PodsFeedParser.swift in Sources */ = {isa = PBXBuildFile; fileRef = 10A000000000000000000023 /* PodsFeedParser.swift */; };
		10A00000000000000000000B /* PodsOPML.swift in Sources */ = {isa = PBXBuildFile; fileRef = 10A000000000000000000024 /* PodsOPML.swift */; };
		10A00000000000000000000C /* PodsBackend.swift in Sources */ = {isa = PBXBuildFile; fileRef = 10A000000000000000000025 /* PodsBackend.swift */; };
		10A00000000000000000000D /* PodsLocalServer.swift in Sources */ = {isa = PBXBuildFile; fileRef = 10A000000000000000000026 /* PodsLocalServer.swift */; };
		10A00000000000000000000E /* PodsStaticAssets.swift in Sources */ = {isa = PBXBuildFile; fileRef = 10A000000000000000000027 /* PodsStaticAssets.swift */; };
		10A00000000000000000000F /* PodsLog.swift in Sources */ = {isa = PBXBuildFile; fileRef = 10A000000000000000000028 /* PodsLog.swift */; };
		10A00000000000000000001B /* PodcastIndexClient.swift in Sources */ = {isa = PBXBuildFile; fileRef = 10A000000000000000000029 /* PodcastIndexClient.swift */; };
		10C000000000000000000001 /* CastSession.swift in Sources */ = {isa = PBXBuildFile; fileRef = 10C000000000000000000011 /* CastSession.swift */; };
		10C000000000000000000002 /* CastProtocol.swift in Sources */ = {isa = PBXBuildFile; fileRef = 10C000000000000000000012 /* CastProtocol.swift */; };
		10C000000000000000000003 /* PlaybackProgressPolicy.swift in Sources */ = {isa = PBXBuildFile; fileRef = 10C000000000000000000013 /* PlaybackProgressPolicy.swift */; };
		10D000000000000000000001 /* PodsRefresh.swift in Sources */ = {isa = PBXBuildFile; fileRef = 10D000000000000000000011 /* PodsRefresh.swift */; };
		10B000000000000000000001 /* PodsBackendTests.swift in Sources */ = {isa = PBXBuildFile; fileRef = 10B000000000000000000011 /* PodsBackendTests.swift */; };
		10E000000000000000000001 /* AdRemovalDiagnosticsTests.swift in Sources */ = {isa = PBXBuildFile; fileRef = 10E000000000000000000011 /* AdRemovalDiagnosticsTests.swift */; };
		10E000000000000000000002 /* AdRemovalDiagnostics.swift in Sources */ = {isa = PBXBuildFile; fileRef = 10E000000000000000000012 /* AdRemovalDiagnostics.swift */; };
		10F000000000000000000001 /* AdRemovalPersistenceTests.swift in Sources */ = {isa = PBXBuildFile; fileRef = 10F000000000000000000011 /* AdRemovalPersistenceTests.swift */; };
		10F000000000000000000002 /* AdRemovalPersistence.swift in Sources */ = {isa = PBXBuildFile; fileRef = 10F000000000000000000012 /* AdRemovalPersistence.swift */; };
		110000000000000000000001 /* AdRemovalStorageTests.swift in Sources */ = {isa = PBXBuildFile; fileRef = 110000000000000000000011 /* AdRemovalStorageTests.swift */; };
		110000000000000000000002 /* AdRemovalStorage.swift in Sources */ = {isa = PBXBuildFile; fileRef = 110000000000000000000012 /* AdRemovalStorage.swift */; };
		110000000000000000000003 /* AdRemovalDownload.swift in Sources */ = {isa = PBXBuildFile; fileRef = 110000000000000000000013 /* AdRemovalDownload.swift */; };
		110000000000000000000004 /* AdRemovalPipeline.swift in Sources */ = {isa = PBXBuildFile; fileRef = 110000000000000000000014 /* AdRemovalPipeline.swift */; };
		111000000000000000000001 /* AdRemovalTranscriptionTests.swift in Sources */ = {isa = PBXBuildFile; fileRef = 111000000000000000000011 /* AdRemovalTranscriptionTests.swift */; };
		111000000000000000000002 /* AdRemovalTranscription.swift in Sources */ = {isa = PBXBuildFile; fileRef = 111000000000000000000012 /* AdRemovalTranscription.swift */; };
		112000000000000000000001 /* AdRemovalClassificationTests.swift in Sources */ = {isa = PBXBuildFile; fileRef = 112000000000000000000011 /* AdRemovalClassificationTests.swift */; };
		112000000000000000000002 /* AdRemovalClassification.swift in Sources */ = {isa = PBXBuildFile; fileRef = 112000000000000000000012 /* AdRemovalClassification.swift */; };
		112000000000000000000003 /* AdRemovalModel.swift in Sources */ = {isa = PBXBuildFile; fileRef = 112000000000000000000013 /* AdRemovalModel.swift */; };
		113000000000000000000001 /* MLXLLM in Frameworks */ = {isa = PBXBuildFile; productRef = 113000000000000000000011 /* MLXLLM */; };
		113000000000000000000002 /* MLXLMCommon in Frameworks */ = {isa = PBXBuildFile; productRef = 113000000000000000000012 /* MLXLMCommon */; };
		113000000000000000000003 /* AdRemovalMLXClassifier.swift in Sources */ = {isa = PBXBuildFile; fileRef = 113000000000000000000013 /* AdRemovalMLXClassifier.swift */; };
		114000000000000000000001 /* AdRemovalPlaybackTests.swift in Sources */ = {isa = PBXBuildFile; fileRef = 114000000000000000000011 /* AdRemovalPlaybackTests.swift */; };
		114000000000000000000002 /* AdRemovalPlayback.swift in Sources */ = {isa = PBXBuildFile; fileRef = 114000000000000000000012 /* AdRemovalPlayback.swift */; };
		115000000000000000000001 /* AdRemovalRangeServerTests.swift in Sources */ = {isa = PBXBuildFile; fileRef = 115000000000000000000011 /* AdRemovalRangeServerTests.swift */; };
		115000000000000000000002 /* AdRemovalRangeServer.swift in Sources */ = {isa = PBXBuildFile; fileRef = 115000000000000000000012 /* AdRemovalRangeServer.swift */; };
		116000000000000000000001 /* AdRemovalEvaluation.swift in Sources */ = {isa = PBXBuildFile; fileRef = 116000000000000000000011 /* AdRemovalEvaluation.swift */; };
		117000000000000000000001 /* AppleFoundationLanguageModel.swift in Sources */ = {isa = PBXBuildFile; fileRef = 117000000000000000000011 /* AppleFoundationLanguageModel.swift */; };
		118000000000000000000001 /* EpisodeShowNotes.swift in Sources */ = {isa = PBXBuildFile; fileRef = 118000000000000000000011 /* EpisodeShowNotes.swift */; };
/* End PBXBuildFile section */

/* Begin PBXContainerItemProxy section */
		10B000000000000000000040 /* PBXContainerItemProxy */ = {
			isa = PBXContainerItemProxy;
			containerPortal = 10A000000000000000000060 /* Project object */;
			proxyType = 1;
			remoteGlobalIDString = 10A000000000000000000040;
			remoteInfo = Pods;
		};
/* End PBXContainerItemProxy section */

/* Begin PBXFileReference section */
		10A000000000000000000010 /* Pods.app */ = {isa = PBXFileReference; explicitFileType = wrapper.application; includeInIndex = 0; path = Pods.app; sourceTree = BUILT_PRODUCTS_DIR; };
		10A000000000000000000011 /* PodsApp.swift */ = {isa = PBXFileReference; lastKnownFileType = sourcecode.swift; path = PodsApp.swift; sourceTree = "<group>"; };
		10A000000000000000000012 /* PodsWebView.swift */ = {isa = PBXFileReference; lastKnownFileType = sourcecode.swift; path = PodsWebView.swift; sourceTree = "<group>"; };
		10A000000000000000000013 /* AudioBridge.swift */ = {isa = PBXFileReference; lastKnownFileType = sourcecode.swift; path = AudioBridge.swift; sourceTree = "<group>"; };
		10A000000000000000000014 /* DatabaseBootstrap.swift */ = {isa = PBXFileReference; lastKnownFileType = sourcecode.swift; path = DatabaseBootstrap.swift; sourceTree = "<group>"; };
		10A000000000000000000015 /* Info.plist */ = {isa = PBXFileReference; lastKnownFileType = text.plist.xml; path = Info.plist; sourceTree = "<group>"; };
		10A000000000000000000016 /* Web */ = {isa = PBXFileReference; lastKnownFileType = folder; path = Web; sourceTree = "<group>"; };
		10A000000000000000000017 /* SeedData */ = {isa = PBXFileReference; lastKnownFileType = folder; path = SeedData; sourceTree = "<group>"; };
		10A000000000000000000018 /* Assets.xcassets */ = {isa = PBXFileReference; lastKnownFileType = folder.assetcatalog; path = Assets.xcassets; sourceTree = "<group>"; };
		10A000000000000000000019 /* libsqlite3.tbd */ = {isa = PBXFileReference; lastKnownFileType = "sourcecode.text-based-dylib-definition"; name = libsqlite3.tbd; path = usr/lib/libsqlite3.tbd; sourceTree = SDKROOT; };
		10A000000000000000000021 /* PodsAPIModels.swift */ = {isa = PBXFileReference; lastKnownFileType = sourcecode.swift; path = PodsAPIModels.swift; sourceTree = "<group>"; };
		10A000000000000000000022 /* PodsSQLite.swift */ = {isa = PBXFileReference; lastKnownFileType = sourcecode.swift; path = PodsSQLite.swift; sourceTree = "<group>"; };
		10A000000000000000000023 /* PodsFeedParser.swift */ = {isa = PBXFileReference; lastKnownFileType = sourcecode.swift; path = PodsFeedParser.swift; sourceTree = "<group>"; };
		10A000000000000000000024 /* PodsOPML.swift */ = {isa = PBXFileReference; lastKnownFileType = sourcecode.swift; path = PodsOPML.swift; sourceTree = "<group>"; };
		10A000000000000000000025 /* PodsBackend.swift */ = {isa = PBXFileReference; lastKnownFileType = sourcecode.swift; path = PodsBackend.swift; sourceTree = "<group>"; };
		10A000000000000000000026 /* PodsLocalServer.swift */ = {isa = PBXFileReference; lastKnownFileType = sourcecode.swift; path = PodsLocalServer.swift; sourceTree = "<group>"; };
		10A000000000000000000027 /* PodsStaticAssets.swift */ = {isa = PBXFileReference; lastKnownFileType = sourcecode.swift; path = PodsStaticAssets.swift; sourceTree = "<group>"; };
		10A000000000000000000028 /* PodsLog.swift */ = {isa = PBXFileReference; lastKnownFileType = sourcecode.swift; path = PodsLog.swift; sourceTree = "<group>"; };
		10A000000000000000000029 /* PodcastIndexClient.swift */ = {isa = PBXFileReference; lastKnownFileType = sourcecode.swift; path = PodcastIndexClient.swift; sourceTree = "<group>"; };
		10C000000000000000000011 /* CastSession.swift */ = {isa = PBXFileReference; lastKnownFileType = sourcecode.swift; path = CastSession.swift; sourceTree = "<group>"; };
		10C000000000000000000012 /* CastProtocol.swift */ = {isa = PBXFileReference; lastKnownFileType = sourcecode.swift; path = CastProtocol.swift; sourceTree = "<group>"; };
		10C000000000000000000013 /* PlaybackProgressPolicy.swift */ = {isa = PBXFileReference; lastKnownFileType = sourcecode.swift; path = PlaybackProgressPolicy.swift; sourceTree = "<group>"; };
		10D000000000000000000011 /* PodsRefresh.swift */ = {isa = PBXFileReference; lastKnownFileType = sourcecode.swift; path = PodsRefresh.swift; sourceTree = "<group>"; };
		10B000000000000000000010 /* PodsTests.xctest */ = {isa = PBXFileReference; explicitFileType = wrapper.cfbundle; includeInIndex = 0; path = PodsTests.xctest; sourceTree = BUILT_PRODUCTS_DIR; };
		10B000000000000000000011 /* PodsBackendTests.swift */ = {isa = PBXFileReference; lastKnownFileType = sourcecode.swift; path = PodsBackendTests.swift; sourceTree = "<group>"; };
		10E000000000000000000011 /* AdRemovalDiagnosticsTests.swift */ = {isa = PBXFileReference; lastKnownFileType = sourcecode.swift; path = AdRemovalDiagnosticsTests.swift; sourceTree = "<group>"; };
		10E000000000000000000012 /* AdRemovalDiagnostics.swift */ = {isa = PBXFileReference; lastKnownFileType = sourcecode.swift; name = AdRemovalDiagnostics.swift; path = ../../shared/AdRemovalDiagnostics.swift; sourceTree = "<group>"; };
		10F000000000000000000011 /* AdRemovalPersistenceTests.swift */ = {isa = PBXFileReference; lastKnownFileType = sourcecode.swift; path = AdRemovalPersistenceTests.swift; sourceTree = "<group>"; };
		10F000000000000000000012 /* AdRemovalPersistence.swift */ = {isa = PBXFileReference; lastKnownFileType = sourcecode.swift; path = AdRemovalPersistence.swift; sourceTree = "<group>"; };
		110000000000000000000011 /* AdRemovalStorageTests.swift */ = {isa = PBXFileReference; lastKnownFileType = sourcecode.swift; path = AdRemovalStorageTests.swift; sourceTree = "<group>"; };
		110000000000000000000012 /* AdRemovalStorage.swift */ = {isa = PBXFileReference; lastKnownFileType = sourcecode.swift; path = AdRemovalStorage.swift; sourceTree = "<group>"; };
		110000000000000000000013 /* AdRemovalDownload.swift */ = {isa = PBXFileReference; lastKnownFileType = sourcecode.swift; path = AdRemovalDownload.swift; sourceTree = "<group>"; };
		110000000000000000000014 /* AdRemovalPipeline.swift */ = {isa = PBXFileReference; lastKnownFileType = sourcecode.swift; path = AdRemovalPipeline.swift; sourceTree = "<group>"; };
		111000000000000000000011 /* AdRemovalTranscriptionTests.swift */ = {isa = PBXFileReference; lastKnownFileType = sourcecode.swift; path = AdRemovalTranscriptionTests.swift; sourceTree = "<group>"; };
		111000000000000000000012 /* AdRemovalTranscription.swift */ = {isa = PBXFileReference; lastKnownFileType = sourcecode.swift; path = AdRemovalTranscription.swift; sourceTree = "<group>"; };
		112000000000000000000011 /* AdRemovalClassificationTests.swift */ = {isa = PBXFileReference; lastKnownFileType = sourcecode.swift; path = AdRemovalClassificationTests.swift; sourceTree = "<group>"; };
		112000000000000000000012 /* AdRemovalClassification.swift */ = {isa = PBXFileReference; lastKnownFileType = sourcecode.swift; path = AdRemovalClassification.swift; sourceTree = "<group>"; };
		112000000000000000000013 /* AdRemovalModel.swift */ = {isa = PBXFileReference; lastKnownFileType = sourcecode.swift; path = AdRemovalModel.swift; sourceTree = "<group>"; };
		113000000000000000000013 /* AdRemovalMLXClassifier.swift */ = {isa = PBXFileReference; lastKnownFileType = sourcecode.swift; path = AdRemovalMLXClassifier.swift; sourceTree = "<group>"; };
		117000000000000000000011 /* AppleFoundationLanguageModel.swift */ = {isa = PBXFileReference; lastKnownFileType = sourcecode.swift; path = AppleFoundationLanguageModel.swift; sourceTree = "<group>"; };
		118000000000000000000011 /* EpisodeShowNotes.swift */ = {isa = PBXFileReference; lastKnownFileType = sourcecode.swift; path = EpisodeShowNotes.swift; sourceTree = "<group>"; };
		114000000000000000000011 /* AdRemovalPlaybackTests.swift */ = {isa = PBXFileReference; lastKnownFileType = sourcecode.swift; path = AdRemovalPlaybackTests.swift; sourceTree = "<group>"; };
		114000000000000000000012 /* AdRemovalPlayback.swift */ = {isa = PBXFileReference; lastKnownFileType = sourcecode.swift; path = AdRemovalPlayback.swift; sourceTree = "<group>"; };
		115000000000000000000011 /* AdRemovalRangeServerTests.swift */ = {isa = PBXFileReference; lastKnownFileType = sourcecode.swift; path = AdRemovalRangeServerTests.swift; sourceTree = "<group>"; };
		115000000000000000000012 /* AdRemovalRangeServer.swift */ = {isa = PBXFileReference; lastKnownFileType = sourcecode.swift; path = AdRemovalRangeServer.swift; sourceTree = "<group>"; };
		116000000000000000000011 /* AdRemovalEvaluation.swift */ = {isa = PBXFileReference; lastKnownFileType = sourcecode.swift; path = AdRemovalEvaluation.swift; sourceTree = "<group>"; };
/* End PBXFileReference section */

/* Begin PBXFrameworksBuildPhase section */
		10A000000000000000000020 /* Frameworks */ = {
			isa = PBXFrameworksBuildPhase;
			buildActionMask = 2147483647;
			files = (
				10A000000000000000000007 /* libsqlite3.tbd in Frameworks */,
				113000000000000000000001 /* MLXLLM in Frameworks */,
				113000000000000000000002 /* MLXLMCommon in Frameworks */,
			);
			runOnlyForDeploymentPostprocessing = 0;
		};
		10B000000000000000000020 /* Frameworks */ = {
			isa = PBXFrameworksBuildPhase;
			buildActionMask = 2147483647;
			files = (
			);
			runOnlyForDeploymentPostprocessing = 0;
		};
/* End PBXFrameworksBuildPhase section */

/* Begin PBXGroup section */
		10A000000000000000000030 = {
			isa = PBXGroup;
			children = (
				10A000000000000000000031 /* Pods */,
				10B000000000000000000030 /* PodsTests */,
				10A000000000000000000032 /* Frameworks */,
				10A000000000000000000033 /* Products */,
			);
			sourceTree = "<group>";
		};
		10A000000000000000000031 /* Pods */ = {
			isa = PBXGroup;
			children = (
				10E000000000000000000012 /* AdRemovalDiagnostics.swift */,
				10F000000000000000000012 /* AdRemovalPersistence.swift */,
				110000000000000000000012 /* AdRemovalStorage.swift */,
				110000000000000000000013 /* AdRemovalDownload.swift */,
				110000000000000000000014 /* AdRemovalPipeline.swift */,
				111000000000000000000012 /* AdRemovalTranscription.swift */,
				112000000000000000000012 /* AdRemovalClassification.swift */,
				112000000000000000000013 /* AdRemovalModel.swift */,
				113000000000000000000013 /* AdRemovalMLXClassifier.swift */,
				117000000000000000000011 /* AppleFoundationLanguageModel.swift */,
				118000000000000000000011 /* EpisodeShowNotes.swift */,
				114000000000000000000012 /* AdRemovalPlayback.swift */,
				115000000000000000000012 /* AdRemovalRangeServer.swift */,
				116000000000000000000011 /* AdRemovalEvaluation.swift */,
				10A000000000000000000011 /* PodsApp.swift */,
				10A000000000000000000012 /* PodsWebView.swift */,
				10A000000000000000000013 /* AudioBridge.swift */,
				10A000000000000000000014 /* DatabaseBootstrap.swift */,
				10A000000000000000000021 /* PodsAPIModels.swift */,
				10A000000000000000000022 /* PodsSQLite.swift */,
				10A000000000000000000023 /* PodsFeedParser.swift */,
				10A000000000000000000024 /* PodsOPML.swift */,
				10A000000000000000000025 /* PodsBackend.swift */,
				10A000000000000000000026 /* PodsLocalServer.swift */,
				10A000000000000000000027 /* PodsStaticAssets.swift */,
				10A000000000000000000028 /* PodsLog.swift */,
				10A000000000000000000029 /* PodcastIndexClient.swift */,
				10C000000000000000000011 /* CastSession.swift */,
				10C000000000000000000012 /* CastProtocol.swift */,
				10C000000000000000000013 /* PlaybackProgressPolicy.swift */,
				10D000000000000000000011 /* PodsRefresh.swift */,
				10A000000000000000000015 /* Info.plist */,
				10A000000000000000000018 /* Assets.xcassets */,
				10A000000000000000000016 /* Web */,
				10A000000000000000000017 /* SeedData */,
			);
			path = Pods;
			sourceTree = "<group>";
		};
		10A000000000000000000032 /* Frameworks */ = {
			isa = PBXGroup;
			children = (
				10A000000000000000000019 /* libsqlite3.tbd */,
			);
			name = Frameworks;
			sourceTree = "<group>";
		};
		10A000000000000000000033 /* Products */ = {
			isa = PBXGroup;
			children = (
				10A000000000000000000010 /* Pods.app */,
				10B000000000000000000010 /* PodsTests.xctest */,
			);
			name = Products;
			sourceTree = "<group>";
		};
		10B000000000000000000030 /* PodsTests */ = {
			isa = PBXGroup;
			children = (
				10B000000000000000000011 /* PodsBackendTests.swift */,
				10E000000000000000000011 /* AdRemovalDiagnosticsTests.swift */,
				10F000000000000000000011 /* AdRemovalPersistenceTests.swift */,
				110000000000000000000011 /* AdRemovalStorageTests.swift */,
				111000000000000000000011 /* AdRemovalTranscriptionTests.swift */,
				112000000000000000000011 /* AdRemovalClassificationTests.swift */,
				114000000000000000000011 /* AdRemovalPlaybackTests.swift */,
				115000000000000000000011 /* AdRemovalRangeServerTests.swift */,
			);
			path = PodsTests;
			sourceTree = "<group>";
		};
/* End PBXGroup section */

/* Begin PBXNativeTarget section */
		10A000000000000000000040 /* Pods */ = {
			isa = PBXNativeTarget;
			buildConfigurationList = 10A000000000000000000070 /* Build configuration list for PBXNativeTarget "Pods" */;
			buildPhases = (
				10A000000000000000000050 /* Sources */,
				10A000000000000000000020 /* Frameworks */,
				10A000000000000000000053 /* Verify Web Assets */,
				10A000000000000000000051 /* Resources */,
				10A000000000000000000052 /* Write Podcast Index Credentials */,
			);
			buildRules = (
			);
			dependencies = (
			);
			name = Pods;
			packageProductDependencies = (
				113000000000000000000011 /* MLXLLM */,
				113000000000000000000012 /* MLXLMCommon */,
			);
			productName = Pods;
			productReference = 10A000000000000000000010 /* Pods.app */;
			productType = "com.apple.product-type.application";
		};
		10B000000000000000000060 /* PodsTests */ = {
			isa = PBXNativeTarget;
			buildConfigurationList = 10B000000000000000000070 /* Build configuration list for PBXNativeTarget "PodsTests" */;
			buildPhases = (
				10B000000000000000000050 /* Sources */,
				10B000000000000000000020 /* Frameworks */,
			);
			buildRules = (
			);
			dependencies = (
				10B000000000000000000041 /* PBXTargetDependency */,
			);
			name = PodsTests;
			productName = PodsTests;
			productReference = 10B000000000000000000010 /* PodsTests.xctest */;
			productType = "com.apple.product-type.bundle.unit-test";
		};
/* End PBXNativeTarget section */

/* Begin PBXProject section */
		10A000000000000000000060 /* Project object */ = {
			isa = PBXProject;
			attributes = {
				BuildIndependentTargetsInParallel = 1;
				LastSwiftUpdateCheck = 1600;
				LastUpgradeCheck = 1600;
				TargetAttributes = {
					10A000000000000000000040 = {
						CreatedOnToolsVersion = 16.0;
						ProvisioningStyle = Automatic;
					};
					10B000000000000000000060 = {
						CreatedOnToolsVersion = 16.0;
						TestTargetID = 10A000000000000000000040;
					};
				};
			};
			buildConfigurationList = 10A000000000000000000061 /* Build configuration list for PBXProject "Pods" */;
			compatibilityVersion = "Xcode 15.0";
			developmentRegion = en;
			hasScannedForEncodings = 0;
			knownRegions = (
				en,
				Base,
			);
			mainGroup = 10A000000000000000000030;
			productRefGroup = 10A000000000000000000033 /* Products */;
			packageReferences = (
				113000000000000000000010 /* XCRemoteSwiftPackageReference "mlx-swift-lm" */,
			);
			projectDirPath = "";
			projectRoot = "";
			targets = (
				10A000000000000000000040 /* Pods */,
				10B000000000000000000060 /* PodsTests */,
			);
		};
/* End PBXProject section */

/* Begin PBXResourcesBuildPhase section */
		10A000000000000000000051 /* Resources */ = {
			isa = PBXResourcesBuildPhase;
			buildActionMask = 2147483647;
			files = (
				10A00000000000000000001A /* Assets.xcassets in Resources */,
				10A000000000000000000005 /* Web in Resources */,
				10A000000000000000000006 /* SeedData in Resources */,
			);
			runOnlyForDeploymentPostprocessing = 0;
		};
/* End PBXResourcesBuildPhase section */

/* Begin PBXShellScriptBuildPhase section */
		10A000000000000000000053 /* Verify Web Assets */ = {
			isa = PBXShellScriptBuildPhase;
			alwaysOutOfDate = 1;
			buildActionMask = 2147483647;
			files = (
			);
			inputFileListPaths = (
			);
			inputPaths = (
			);
			name = "Verify Web Assets";
			outputFileListPaths = (
			);
			outputPaths = (
			);
			runOnlyForDeploymentPostprocessing = 0;
			shellPath = /bin/sh;
			shellScript = "\"$PROJECT_DIR/verify-web-assets.sh\"";
		};
		10A000000000000000000052 /* Write Podcast Index Credentials */ = {
			isa = PBXShellScriptBuildPhase;
			alwaysOutOfDate = 1;
			buildActionMask = 2147483647;
			files = (
			);
			inputFileListPaths = (
			);
			inputPaths = (
			);
			name = "Write Podcast Index Credentials";
			outputFileListPaths = (
			);
			outputPaths = (
				"$(TARGET_BUILD_DIR)/$(UNLOCALIZED_RESOURCES_FOLDER_PATH)/PodcastIndexCredentials.plist",
			);
			runOnlyForDeploymentPostprocessing = 0;
			shellPath = /bin/sh;
			shellScript = "\"$PROJECT_DIR/write-podcastindex-credentials.sh\" \"$TARGET_BUILD_DIR/$UNLOCALIZED_RESOURCES_FOLDER_PATH/PodcastIndexCredentials.plist\"";
		};
/* End PBXShellScriptBuildPhase section */

/* Begin PBXSourcesBuildPhase section */
		10A000000000000000000050 /* Sources */ = {
			isa = PBXSourcesBuildPhase;
			buildActionMask = 2147483647;
			files = (
				10E000000000000000000002 /* AdRemovalDiagnostics.swift in Sources */,
				10F000000000000000000002 /* AdRemovalPersistence.swift in Sources */,
				110000000000000000000002 /* AdRemovalStorage.swift in Sources */,
				110000000000000000000003 /* AdRemovalDownload.swift in Sources */,
				110000000000000000000004 /* AdRemovalPipeline.swift in Sources */,
				111000000000000000000002 /* AdRemovalTranscription.swift in Sources */,
				112000000000000000000002 /* AdRemovalClassification.swift in Sources */,
				112000000000000000000003 /* AdRemovalModel.swift in Sources */,
				113000000000000000000003 /* AdRemovalMLXClassifier.swift in Sources */,
				117000000000000000000001 /* AppleFoundationLanguageModel.swift in Sources */,
				118000000000000000000001 /* EpisodeShowNotes.swift in Sources */,
				114000000000000000000002 /* AdRemovalPlayback.swift in Sources */,
				115000000000000000000002 /* AdRemovalRangeServer.swift in Sources */,
				116000000000000000000001 /* AdRemovalEvaluation.swift in Sources */,
				10A000000000000000000001 /* PodsApp.swift in Sources */,
				10A000000000000000000002 /* PodsWebView.swift in Sources */,
				10A000000000000000000003 /* AudioBridge.swift in Sources */,
				10A000000000000000000004 /* DatabaseBootstrap.swift in Sources */,
				10A000000000000000000008 /* PodsAPIModels.swift in Sources */,
				10A000000000000000000009 /* PodsSQLite.swift in Sources */,
				10A00000000000000000000A /* PodsFeedParser.swift in Sources */,
				10A00000000000000000000B /* PodsOPML.swift in Sources */,
				10A00000000000000000000C /* PodsBackend.swift in Sources */,
				10A00000000000000000000D /* PodsLocalServer.swift in Sources */,
				10A00000000000000000000E /* PodsStaticAssets.swift in Sources */,
				10A00000000000000000000F /* PodsLog.swift in Sources */,
				10A00000000000000000001B /* PodcastIndexClient.swift in Sources */,
				10C000000000000000000001 /* CastSession.swift in Sources */,
				10C000000000000000000002 /* CastProtocol.swift in Sources */,
				10C000000000000000000003 /* PlaybackProgressPolicy.swift in Sources */,
				10D000000000000000000001 /* PodsRefresh.swift in Sources */,
			);
			runOnlyForDeploymentPostprocessing = 0;
		};
		10B000000000000000000050 /* Sources */ = {
			isa = PBXSourcesBuildPhase;
			buildActionMask = 2147483647;
			files = (
				10B000000000000000000001 /* PodsBackendTests.swift in Sources */,
				10E000000000000000000001 /* AdRemovalDiagnosticsTests.swift in Sources */,
				10F000000000000000000001 /* AdRemovalPersistenceTests.swift in Sources */,
				110000000000000000000001 /* AdRemovalStorageTests.swift in Sources */,
				111000000000000000000001 /* AdRemovalTranscriptionTests.swift in Sources */,
				112000000000000000000001 /* AdRemovalClassificationTests.swift in Sources */,
				114000000000000000000001 /* AdRemovalPlaybackTests.swift in Sources */,
				115000000000000000000001 /* AdRemovalRangeServerTests.swift in Sources */,
			);
			runOnlyForDeploymentPostprocessing = 0;
		};
/* End PBXSourcesBuildPhase section */

/* Begin PBXTargetDependency section */
		10B000000000000000000041 /* PBXTargetDependency */ = {
			isa = PBXTargetDependency;
			target = 10A000000000000000000040 /* Pods */;
			targetProxy = 10B000000000000000000040 /* PBXContainerItemProxy */;
		};
/* End PBXTargetDependency section */

/* Begin XCBuildConfiguration section */
		10A000000000000000000062 /* Debug */ = {
			isa = XCBuildConfiguration;
			buildSettings = {
				ALWAYS_SEARCH_USER_PATHS = NO;
				CLANG_ANALYZER_NONNULL = YES;
				CLANG_ANALYZER_NUMBER_OBJECT_CONVERSION = YES_AGGRESSIVE;
				CLANG_CXX_LANGUAGE_STANDARD = "gnu++20";
				CLANG_ENABLE_MODULES = YES;
				CLANG_ENABLE_OBJC_ARC = YES;
				CLANG_ENABLE_OBJC_WEAK = YES;
				CLANG_WARN_BOOL_CONVERSION = YES;
				CLANG_WARN_COMMA = YES;
				CLANG_WARN_CONSTANT_CONVERSION = YES;
				CLANG_WARN_DEPRECATED_OBJC_IMPLEMENTATIONS = YES;
				CLANG_WARN_DIRECT_OBJC_ISA_USAGE = YES_ERROR;
				CLANG_WARN_DOCUMENTATION_COMMENTS = YES;
				CLANG_WARN_EMPTY_BODY = YES;
				CLANG_WARN_ENUM_CONVERSION = YES;
				CLANG_WARN_INFINITE_RECURSION = YES;
				CLANG_WARN_INT_CONVERSION = YES;
				CLANG_WARN_NON_LITERAL_NULL_CONVERSION = YES;
				CLANG_WARN_OBJC_IMPLICIT_RETAIN_SELF = YES;
				CLANG_WARN_OBJC_LITERAL_CONVERSION = YES;
				CLANG_WARN_OBJC_ROOT_CLASS = YES_ERROR;
				CLANG_WARN_QUOTED_INCLUDE_IN_FRAMEWORK_HEADER = YES;
				CLANG_WARN_RANGE_LOOP_ANALYSIS = YES;
				CLANG_WARN_STRICT_PROTOTYPES = YES;
				CLANG_WARN_SUSPICIOUS_MOVE = YES;
				CLANG_WARN_UNGUARDED_AVAILABILITY = YES_AGGRESSIVE;
				CLANG_WARN_UNREACHABLE_CODE = YES;
				CLANG_WARN__DUPLICATE_METHOD_MATCH = YES;
				COPY_PHASE_STRIP = NO;
				DEBUG_INFORMATION_FORMAT = dwarf;
				ENABLE_STRICT_OBJC_MSGSEND = YES;
				ENABLE_TESTABILITY = YES;
				GCC_C_LANGUAGE_STANDARD = gnu17;
				GCC_DYNAMIC_NO_PIC = NO;
				GCC_NO_COMMON_BLOCKS = YES;
				GCC_OPTIMIZATION_LEVEL = 0;
				GCC_PREPROCESSOR_DEFINITIONS = (
					"DEBUG=1",
					"$(inherited)",
				);
				GCC_WARN_64_TO_32_BIT_CONVERSION = YES;
				GCC_WARN_ABOUT_RETURN_TYPE = YES_ERROR;
				GCC_WARN_UNDECLARED_SELECTOR = YES;
				GCC_WARN_UNINITIALIZED_AUTOS = YES_AGGRESSIVE;
				GCC_WARN_UNUSED_FUNCTION = YES;
				GCC_WARN_UNUSED_VARIABLE = YES;
				IPHONEOS_DEPLOYMENT_TARGET = 26.0;
				MTL_ENABLE_DEBUG_INFO = INCLUDE_SOURCE;
				MTL_FAST_MATH = YES;
				ONLY_ACTIVE_ARCH = YES;
				SDKROOT = iphoneos;
				SWIFT_ACTIVE_COMPILATION_CONDITIONS = DEBUG;
				SWIFT_OPTIMIZATION_LEVEL = "-Onone";
			};
			name = Debug;
		};
		10A000000000000000000063 /* Release */ = {
			isa = XCBuildConfiguration;
			buildSettings = {
				ALWAYS_SEARCH_USER_PATHS = NO;
				CLANG_ANALYZER_NONNULL = YES;
				CLANG_ANALYZER_NUMBER_OBJECT_CONVERSION = YES_AGGRESSIVE;
				CLANG_CXX_LANGUAGE_STANDARD = "gnu++20";
				CLANG_ENABLE_MODULES = YES;
				CLANG_ENABLE_OBJC_ARC = YES;
				CLANG_ENABLE_OBJC_WEAK = YES;
				CLANG_WARN_BOOL_CONVERSION = YES;
				CLANG_WARN_COMMA = YES;
				CLANG_WARN_CONSTANT_CONVERSION = YES;
				CLANG_WARN_DEPRECATED_OBJC_IMPLEMENTATIONS = YES;
				CLANG_WARN_DIRECT_OBJC_ISA_USAGE = YES_ERROR;
				CLANG_WARN_DOCUMENTATION_COMMENTS = YES;
				CLANG_WARN_EMPTY_BODY = YES;
				CLANG_WARN_ENUM_CONVERSION = YES;
				CLANG_WARN_INFINITE_RECURSION = YES;
				CLANG_WARN_INT_CONVERSION = YES;
				CLANG_WARN_NON_LITERAL_NULL_CONVERSION = YES;
				CLANG_WARN_OBJC_IMPLICIT_RETAIN_SELF = YES;
				CLANG_WARN_OBJC_LITERAL_CONVERSION = YES;
				CLANG_WARN_OBJC_ROOT_CLASS = YES_ERROR;
				CLANG_WARN_QUOTED_INCLUDE_IN_FRAMEWORK_HEADER = YES;
				CLANG_WARN_RANGE_LOOP_ANALYSIS = YES;
				CLANG_WARN_STRICT_PROTOTYPES = YES;
				CLANG_WARN_SUSPICIOUS_MOVE = YES;
				CLANG_WARN_UNGUARDED_AVAILABILITY = YES_AGGRESSIVE;
				CLANG_WARN_UNREACHABLE_CODE = YES;
				CLANG_WARN__DUPLICATE_METHOD_MATCH = YES;
				COPY_PHASE_STRIP = NO;
				DEBUG_INFORMATION_FORMAT = "dwarf-with-dsym";
				ENABLE_NS_ASSERTIONS = NO;
				ENABLE_STRICT_OBJC_MSGSEND = YES;
				GCC_C_LANGUAGE_STANDARD = gnu17;
				GCC_NO_COMMON_BLOCKS = YES;
				GCC_WARN_64_TO_32_BIT_CONVERSION = YES;
				GCC_WARN_ABOUT_RETURN_TYPE = YES_ERROR;
				GCC_WARN_UNDECLARED_SELECTOR = YES;
				GCC_WARN_UNINITIALIZED_AUTOS = YES_AGGRESSIVE;
				GCC_WARN_UNUSED_FUNCTION = YES;
				GCC_WARN_UNUSED_VARIABLE = YES;
				IPHONEOS_DEPLOYMENT_TARGET = 26.0;
				MTL_ENABLE_DEBUG_INFO = NO;
				MTL_FAST_MATH = YES;
				SDKROOT = iphoneos;
				SWIFT_COMPILATION_MODE = wholemodule;
				VALIDATE_PRODUCT = YES;
			};
			name = Release;
		};
		10A000000000000000000071 /* Debug */ = {
			isa = XCBuildConfiguration;
			buildSettings = {
				ASSETCATALOG_COMPILER_APPICON_NAME = AppIcon;
				ASSETCATALOG_COMPILER_GLOBAL_ACCENT_COLOR_NAME = AccentColor;
				CODE_SIGN_STYLE = Automatic;
				DEVELOPMENT_TEAM = 7626CK2W2G;
				INFOPLIST_FILE = Pods/Info.plist;
				IPHONEOS_DEPLOYMENT_TARGET = 26.0;
				LD_RUNPATH_SEARCH_PATHS = (
					"$(inherited)",
					"@executable_path/Frameworks",
				);
				MARKETING_VERSION = 1.0;
				PRODUCT_BUNDLE_IDENTIFIER = dev.mcgiv.pods;
				PRODUCT_NAME = "$(TARGET_NAME)";
				SDKROOT = iphoneos;
				SUPPORTED_PLATFORMS = "iphoneos iphonesimulator";
				SUPPORTS_MACCATALYST = NO;
				SUPPORTS_MAC_DESIGNED_FOR_IPHONE_IPAD = NO;
				SWIFT_EMIT_LOC_STRINGS = YES;
				SWIFT_VERSION = 5.0;
				TARGETED_DEVICE_FAMILY = 1;
			};
			name = Debug;
		};
		10A000000000000000000072 /* Release */ = {
			isa = XCBuildConfiguration;
			buildSettings = {
				ASSETCATALOG_COMPILER_APPICON_NAME = AppIcon;
				ASSETCATALOG_COMPILER_GLOBAL_ACCENT_COLOR_NAME = AccentColor;
				CODE_SIGN_STYLE = Automatic;
				DEVELOPMENT_TEAM = 7626CK2W2G;
				INFOPLIST_FILE = Pods/Info.plist;
				IPHONEOS_DEPLOYMENT_TARGET = 26.0;
				LD_RUNPATH_SEARCH_PATHS = (
					"$(inherited)",
					"@executable_path/Frameworks",
				);
				MARKETING_VERSION = 1.0;
				PRODUCT_BUNDLE_IDENTIFIER = dev.mcgiv.pods;
				PRODUCT_NAME = "$(TARGET_NAME)";
				SDKROOT = iphoneos;
				SUPPORTED_PLATFORMS = "iphoneos iphonesimulator";
				SUPPORTS_MACCATALYST = NO;
				SUPPORTS_MAC_DESIGNED_FOR_IPHONE_IPAD = NO;
				SWIFT_EMIT_LOC_STRINGS = YES;
				SWIFT_VERSION = 5.0;
				TARGETED_DEVICE_FAMILY = 1;
			};
			name = Release;
		};
		10B000000000000000000071 /* Debug */ = {
			isa = XCBuildConfiguration;
			buildSettings = {
				BUNDLE_LOADER = "$(TEST_HOST)";
				CODE_SIGN_STYLE = Automatic;
				GENERATE_INFOPLIST_FILE = YES;
				IPHONEOS_DEPLOYMENT_TARGET = 26.0;
				LD_RUNPATH_SEARCH_PATHS = (
					"$(inherited)",
					"@executable_path/Frameworks",
					"@loader_path/Frameworks",
				);
				PRODUCT_BUNDLE_IDENTIFIER = dev.mcgiv.pods.tests;
				PRODUCT_NAME = "$(TARGET_NAME)";
				SDKROOT = iphoneos;
				SUPPORTED_PLATFORMS = "iphoneos iphonesimulator";
				SUPPORTS_MACCATALYST = NO;
				SUPPORTS_MAC_DESIGNED_FOR_IPHONE_IPAD = NO;
				SWIFT_VERSION = 5.0;
				TARGETED_DEVICE_FAMILY = 1;
				TEST_HOST = "$(BUILT_PRODUCTS_DIR)/Pods.app/$(BUNDLE_EXECUTABLE_FOLDER_PATH)/Pods";
			};
			name = Debug;
		};
		10B000000000000000000072 /* Release */ = {
			isa = XCBuildConfiguration;
			buildSettings = {
				BUNDLE_LOADER = "$(TEST_HOST)";
				CODE_SIGN_STYLE = Automatic;
				GENERATE_INFOPLIST_FILE = YES;
				IPHONEOS_DEPLOYMENT_TARGET = 26.0;
				LD_RUNPATH_SEARCH_PATHS = (
					"$(inherited)",
					"@executable_path/Frameworks",
					"@loader_path/Frameworks",
				);
				PRODUCT_BUNDLE_IDENTIFIER = dev.mcgiv.pods.tests;
				PRODUCT_NAME = "$(TARGET_NAME)";
				SDKROOT = iphoneos;
				SUPPORTED_PLATFORMS = "iphoneos iphonesimulator";
				SUPPORTS_MACCATALYST = NO;
				SUPPORTS_MAC_DESIGNED_FOR_IPHONE_IPAD = NO;
				SWIFT_VERSION = 5.0;
				TARGETED_DEVICE_FAMILY = 1;
				TEST_HOST = "$(BUILT_PRODUCTS_DIR)/Pods.app/$(BUNDLE_EXECUTABLE_FOLDER_PATH)/Pods";
			};
			name = Release;
		};
/* End XCBuildConfiguration section */

/* Begin XCConfigurationList section */
		10A000000000000000000061 /* Build configuration list for PBXProject "Pods" */ = {
			isa = XCConfigurationList;
			buildConfigurations = (
				10A000000000000000000062 /* Debug */,
				10A000000000000000000063 /* Release */,
			);
			defaultConfigurationIsVisible = 0;
			defaultConfigurationName = Release;
		};
		10A000000000000000000070 /* Build configuration list for PBXNativeTarget "Pods" */ = {
			isa = XCConfigurationList;
			buildConfigurations = (
				10A000000000000000000071 /* Debug */,
				10A000000000000000000072 /* Release */,
			);
			defaultConfigurationIsVisible = 0;
			defaultConfigurationName = Release;
		};
		10B000000000000000000070 /* Build configuration list for PBXNativeTarget "PodsTests" */ = {
			isa = XCConfigurationList;
			buildConfigurations = (
				10B000000000000000000071 /* Debug */,
				10B000000000000000000072 /* Release */,
			);
			defaultConfigurationIsVisible = 0;
			defaultConfigurationName = Release;
		};
/* End XCConfigurationList section */

/* Begin XCRemoteSwiftPackageReference section */
		113000000000000000000010 /* XCRemoteSwiftPackageReference "mlx-swift-lm" */ = {
			isa = XCRemoteSwiftPackageReference;
			repositoryURL = "https://github.com/ml-explore/mlx-swift-lm";
			requirement = {
				kind = exactVersion;
				version = 2.31.3;
			};
		};
/* End XCRemoteSwiftPackageReference section */

/* Begin XCSwiftPackageProductDependency section */
		113000000000000000000011 /* MLXLLM */ = {
			isa = XCSwiftPackageProductDependency;
			package = 113000000000000000000010 /* XCRemoteSwiftPackageReference "mlx-swift-lm" */;
			productName = MLXLLM;
		};
		113000000000000000000012 /* MLXLMCommon */ = {
			isa = XCSwiftPackageProductDependency;
			package = 113000000000000000000010 /* XCRemoteSwiftPackageReference "mlx-swift-lm" */;
			productName = MLXLMCommon;
		};
/* End XCSwiftPackageProductDependency section */
	};
	rootObject = 10A000000000000000000060 /* Project object */;
}
